{
    "_meta": {
        "hash": {
            "sha256": "af9e9a86374f11939a778a4d9a338ce5fd4b02f4e997bf56daac2c55c028ce83"
        },
        "pipfile-spec": 6,
        "requires": {
            "python_version": "3.5"
        },
        "sources": [
            {
                "name": "pypi",
                "url": "https://pypi.tuna.tsinghua.edu.cn/simple/",
                "verify_ssl": true
            }
        ]
    },
    "default": {
        "django": {
            "hashes": [
                "sha256:4d23f61b26892bac785f07401bc38cbf8fa4cec993f400e9cd9ddf28fd51c0ea",
                "sha256:6e974d4b57e3b29e4882b244d40171d6a75202ab8d2402b8e8adbd182e25cf0c"
            ],
            "index": "pypi",
            "version": "==2.2.3"
        },
        "django-mssql": {
            "hashes": [
                "sha256:9e40900fe6e15c87aecc63ddad3d2ccc92254b55f8c9bceb564e0c6889bd2cba",
                "sha256:d1b041c14da4eba9239936f97460ffad7b245654a9a92c4d337e2fa9e8928a2e"
            ],
            "version": "==1.8"
        },
        "django-pytds": {
            "hashes": [
                "sha256:49985abc3e12f2989f4f906cc0ef194189bd3c54e5f47969283d491d577b3da5"
            ],
            "index": "pypi",
            "version": "==1.5"
        },
        "django-sqlserver": {
            "hashes": [
                "sha256:1b2891a44433ca973f4ff3f7274ae5cbe02664d5d754f537460156edfef7b88e"
            ],
            "index": "pypi",
            "version": "==1.11"
        },
        "pyodbc": {
            "hashes": [
                "sha256:1b87eddbd50a8ef2703ca98dae69e3c83b04aaa7be0f5ae2d8a16fc56f6fe33c",
                "sha256:2b5628e1bb56e60f22514b058b591a60b013fcfa5c6d712265608cc0e089a2cd",
                "sha256:3e4a24a5136f631b7097f1fd457cb9c4f4fed2e92101f98040b6d09f7b71eb52",
                "sha256:52a3a0bc7907cdc0445678c31504cdabfde5ca7b045861ab1182f32064ff9b57",
                "sha256:561a09f26bc3d7dfb1289758c5986ed2dffd5a255cbbca691f23b65089290585",
                "sha256:7272ddd060f98bfe4bcb932a82054bdee1f93b22df521b6279dd45b9af75d046",
                "sha256:7340c360d40f7b28de1f331a7737cdea0429982651ab09014942d62acb08a7c2",
                "sha256:ad442d09a22cf9cdf196747536c66655e0c0aa26acb6d011310bf7be1c8b4395",
                "sha256:b213a6a4f0e8edcb6fb4fba39c0f55352f59a37fe4d423fd6c1c30396bd92434",
                "sha256:b7cd40840645f44c0aca5ea58d501c4d06621d1f1ec261c43e4d72e0a0aa37b4",
                "sha256:c059fda16b106b3cd6715ee4e2b863b367e567fd17f8eba8f1a47e5d3d1c2457",
                "sha256:c348a3767fc7c729a541bb3a8cf12e944153f715c50fc7898aa7ab2e26b350ec",
                "sha256:cc47196dec430c9832ea5349eacbb3942431eff4b3432fc2a146013715ba9862",
                "sha256:f1fd237342fe1d716f00cb09cbf6d84c4e7efb011361a662a8480e27d8f5bba0"
            ],
            "index": "pypi",
            "version": "==4.0.27"
        },
        "pypiwin32": {
            "hashes": [
                "sha256:67adf399debc1d5d14dffc1ab5acacb800da569754fafdc576b2a039485aa775",
                "sha256:71be40c1fbd28594214ecaecb58e7aa8b708eabfa0125c8a109ebd51edbd776a"
            ],
            "index": "pypi",
            "version": "==223"
        },
        "python-tds": {
            "hashes": [
                "sha256:d2f228f921dadf11500496a15aa725d89e8c711e53b3f43b7c81f78ac8126448"
            ],
            "version": "==1.9.1"
        },
        "pytz": {
            "hashes": [
                "sha256:1c557d7d0e871de1f5ccd5833f60fb2550652da6be2693c1e02300743d21500d",
                "sha256:b02c06db6cf09c12dd25137e563b31700d3b80fcc4ad23abb7a315f2789819be"
            ],
            "version": "==2019.3"
        },
        "pywin32": {
            "hashes": [
                "sha256:0443e9bb196e72480f50cbddc2cf98fbb858a77d02e281ba79489ea3287b36e9",
                "sha256:09bbe7cdb29eb40ab2e83f7a232eeeedde864be7a0622b70a90f456aad07a234",
                "sha256:0d8e0f47808798d320c983574c36c49db642678902933a210edd40157d206fd0",
                "sha256:0db7c9f4b93528afd080d35912a60be2f86a1d6c49c0a9cf9cedd106eed81ea3",
                "sha256:749e590875051661ecefbd9dfa957a485016de0f25e43f5e70f888ef1e29587b",
                "sha256:779d3e9d4b934f2445d2920c3941416d99af72eb7f7fd57a63576cc8aa540ad6",
                "sha256:7c89d2c11a31c7aaa16dc4d25054d7e0e99d6f6b24193cf62c83850484658c87",
                "sha256:81f7732b662c46274d7d8c411c905d53e71999cba95457a0686467c3ebc745ca",
                "sha256:9db1fb8830bfa99c5bfd335d4482c14db5c6f5028db3b006787ef4200206242b",
                "sha256:bd8d04835db28646d9e07fd0ab7c7b18bd90e89dfdc559e60389179495ef30da",
                "sha256:fc6822a68afd79e97b015985dd455767c72009b81bcd18957068626c43f11e75",
                "sha256:fe6cfc2045931866417740b575231c7e12d69d481643be1493487ad53b089959"
            ],
            "version": "==225"
        },
        "six": {
            "hashes": [
                "sha256:3350809f0555b11f552448330d0b52d5f24c91a322ea4a15ef22629740f3761c",
                "sha256:d16a0141ec1a18405cd4ce8b4613101da75da0e9a7aec5bdd4fa804d0e0eba73"
            ],
            "version": "==1.12.0"
        },
        "sqlparse": {
            "hashes": [
                "sha256:40afe6b8d4b1117e7dff5504d7a8ce07d9a1b15aeeade8a2d10f130a834f8177",
                "sha256:7c3dca29c022744e95b547e867cee89f4fce4373f3549ccd8797d8eb52cdb873"
            ],
            "version": "==0.3.0"
        }
    },
    "develop": {}
}
